// !$*UTF8*$!
{
	archiveVersion = 1;
	classes = {
	};
	objectVersion = 46;
	objects = {

/* Begin PBXBuildFile section */
		B85719A11A8CB13E00A25575 /* AppDelegate.swift in Sources */ = {isa = PBXBuildFile; fileRef = B85719A01A8CB13E00A25575 /* AppDelegate.swift */; };
		B85719A31A8CB13E00A25575 /* ViewController.swift in Sources */ = {isa = PBXBuildFile; fileRef = B85719A21A8CB13E00A25575 /* ViewController.swift */; };
		B85719A61A8CB13E00A25575 /* Main.storyboard in Resources */ = {isa = PBXBuildFile; fileRef = B85719A41A8CB13E00A25575 /* Main.storyboard */; };
		B85719A81A8CB13E00A25575 /* Images.xcassets in Resources */ = {isa = PBXBuildFile; fileRef = B85719A71A8CB13E00A25575 /* Images.xcassets */; };
		B85719AB1A8CB13E00A25575 /* LaunchScreen.xib in Resources */ = {isa = PBXBuildFile; fileRef = B85719A91A8CB13E00A25575 /* LaunchScreen.xib */; };
		B85719B71A8CB13E00A25575 /* ColorPickTests.swift in Sources */ = {isa = PBXBuildFile; fileRef = B85719B61A8CB13E00A25575 /* ColorPickTests.swift */; };
		B85719C11A8CB5BA00A25575 /* ColorPickerViewController.swift in Sources */ = {isa = PBXBuildFile; fileRef = B85719C01A8CB5BA00A25575 /* ColorPickerViewController.swift */; };
/* End PBXBuildFile section */

/* Begin PBXContainerItemProxy section */
		B85719B11A8CB13E00A25575 /* PBXContainerItemProxy */ = {
			isa = PBXContainerItemProxy;
			containerPortal = B85719931A8CB13E00A25575 /* Project object */;
			proxyType = 1;
			remoteGlobalIDString = B857199A1A8CB13E00A25575;
			remoteInfo = ColorPick;
		};
/* End PBXContainerItemProxy section */

/* Begin PBXFileReference section */
		B857199B1A8CB13E00A25575 /* ColorPick.app */ = {isa = PBXFileReference; explicitFileType = wrapper.application; includeInIndex = 0; path = ColorPick.app; sourceTree = BUILT_PRODUCTS_DIR; };
		B857199F1A8CB13E00A25575 /* Info.plist */ = {isa = PBXFileReference; lastKnownFileType = text.plist.xml; path = Info.plist; sourceTree = "<group>"; };
		B85719A01A8CB13E00A25575 /* AppDelegate.swift */ = {isa = PBXFileReference; lastKnownFileType = sourcecode.swift; path = AppDelegate.swift; sourceTree = "<group>"; };
		B85719A21A8CB13E00A25575 /* ViewController.swift */ = {isa = PBXFileReference; lastKnownFileType = sourcecode.swift; path = ViewController.swift; sourceTree = "<group>"; };
		B85719A51A8CB13E00A25575 /* Base */ = {isa = PBXFileReference; lastKnownFileType = file.storyboard; name = Base; path = Base.lproj/Main.storyboard; sourceTree = "<group>"; };
		B85719A71A8CB13E00A25575 /* Images.xcassets */ = {isa = PBXFileReference; lastKnownFileType = folder.assetcatalog; path = Images.xcassets; sourceTree = "<group>"; };
		B85719AA1A8CB13E00A25575 /* Base */ = {isa = PBXFileReference; lastKnownFileType = file.xib; name = Base; path = Base.lproj/LaunchScreen.xib; sourceTree = "<group>"; };
		B85719B01A8CB13E00A25575 /* ColorPickTests.xctest */ = {isa = PBXFileReference; explicitFileType = wrapper.cfbundle; includeInIndex = 0; path = ColorPickTests.xctest; sourceTree = BUILT_PRODUCTS_DIR; };
		B85719B51A8CB13E00A25575 /* Info.plist */ = {isa = PBXFileReference; lastKnownFileType = text.plist.xml; path = Info.plist; sourceTree = "<group>"; };
		B85719B61A8CB13E00A25575 /* ColorPickTests.swift */ = {isa = PBXFileReference; lastKnownFileType = sourcecode.swift; path = ColorPickTests.swift; sourceTree = "<group>"; };
		B85719C01A8CB5BA00A25575 /* ColorPickerViewController.swift */ = {isa = PBXFileReference; fileEncoding = 4; lastKnownFileType = sourcecode.swift; path = ColorPickerViewController.swift; sourceTree = "<group>"; };
/* End PBXFileReference section */

/* Begin PBXFrameworksBuildPhase section */
		B85719981A8CB13E00A25575 /* Frameworks */ = {
			isa = PBXFrameworksBuildPhase;
			buildActionMask = 2147483647;
			files = (
			);
			runOnlyForDeploymentPostprocessing = 0;
		};
		B85719AD1A8CB13E00A25575 /* Frameworks */ = {
			isa = PBXFrameworksBuildPhase;
			buildActionMask = 2147483647;
			files = (
			);
			runOnlyForDeploymentPostprocessing = 0;
		};
/* End PBXFrameworksBuildPhase section */

/* Begin PBXGroup section */
		B85719921A8CB13E00A25575 = {
			isa = PBXGroup;
			children = (
				B857199D1A8CB13E00A25575 /* ColorPick */,
				B85719B31A8CB13E00A25575 /* ColorPickTests */,
				B857199C1A8CB13E00A25575 /* Products */,
			);
			sourceTree = "<group>";
		};
		B857199C1A8CB13E00A25575 /* Products */ = {
			isa = PBXGroup;
			children = (
				B857199B1A8CB13E00A25575 /* ColorPick.app */,
				B85719B01A8CB13E00A25575 /* ColorPickTests.xctest */,
			);
			name = Products;
			sourceTree = "<group>";
		};
		B857199D1A8CB13E00A25575 /* ColorPick */ = {
			isa = PBXGroup;
			children = (
				B85719A01A8CB13E00A25575 /* AppDelegate.swift */,
				B85719A21A8CB13E00A25575 /* ViewController.swift */,
				B85719A41A8CB13E00A25575 /* Main.storyboard */,
				B85719C01A8CB5BA00A25575 /* ColorPickerViewController.swift */,
				B85719A71A8CB13E00A25575 /* Images.xcassets */,
				B85719A91A8CB13E00A25575 /* LaunchScreen.xib */,
				B857199E1A8CB13E00A25575 /* Supporting Files */,
			);
			path = ColorPick;
			sourceTree = "<group>";
		};
		B857199E1A8CB13E00A25575 /* Supporting Files */ = {
			isa = PBXGroup;
			children = (
				B857199F1A8CB13E00A25575 /* Info.plist */,
			);
			name = "Supporting Files";
			sourceTree = "<group>";
		};
		B85719B31A8CB13E00A25575 /* ColorPickTests */ = {
			isa = PBXGroup;
			children = (
				B85719B61A8CB13E00A25575 /* ColorPickTests.swift */,
				B85719B41A8CB13E00A25575 /* Supporting Files */,
			);
			path = ColorPickTests;
			sourceTree = "<group>";
		};
		B85719B41A8CB13E00A25575 /* Supporting Files */ = {
			isa = PBXGroup;
			children = (
				B85719B51A8CB13E00A25575 /* Info.plist */,
			);
			name = "Supporting Files";
			sourceTree = "<group>";
		};
/* End PBXGroup section */

/* Begin PBXNativeTarget section */
		B857199A1A8CB13E00A25575 /* ColorPick */ = {
			isa = PBXNativeTarget;
			buildConfigurationList = B85719BA1A8CB13E00A25575 /* Build configuration list for PBXNativeTarget "ColorPick" */;
			buildPhases = (
				B85719971A8CB13E00A25575 /* Sources */,
				B85719981A8CB13E00A25575 /* Frameworks */,
				B85719991A8CB13E00A25575 /* Resources */,
			);
			buildRules = (
			);
			dependencies = (
			);
			name = ColorPick;
			productName = ColorPick;
			productReference = B857199B1A8CB13E00A25575 /* ColorPick.app */;
			productType = "com.apple.product-type.application";
		};
		B85719AF1A8CB13E00A25575 /* ColorPickTests */ = {
			isa = PBXNativeTarget;
			buildConfigurationList = B85719BD1A8CB13E00A25575 /* Build configuration list for PBXNativeTarget "ColorPickTests" */;
			buildPhases = (
				B85719AC1A8CB13E00A25575 /* Sources */,
				B85719AD1A8CB13E00A25575 /* Frameworks */,
				B85719AE1A8CB13E00A25575 /* Resources */,
			);
			buildRules = (
			);
			dependencies = (
				B85719B21A8CB13E00A25575 /* PBXTargetDependency */,
			);
			name = ColorPickTests;
			productName = ColorPickTests;
			productReference = B85719B01A8CB13E00A25575 /* ColorPickTests.xctest */;
			productType = "com.apple.product-type.bundle.unit-test";
		};
/* End PBXNativeTarget section */

/* Begin PBXProject section */
		B85719931A8CB13E00A25575 /* Project object */ = {
			isa = PBXProject;
			attributes = {
				LastUpgradeCheck = 0610;
				ORGANIZATIONNAME = iem;
				TargetAttributes = {
					B857199A1A8CB13E00A25575 = {
						CreatedOnToolsVersion = 6.1;
					};
					B85719AF1A8CB13E00A25575 = {
						CreatedOnToolsVersion = 6.1;
						TestTargetID = B857199A1A8CB13E00A25575;
					};
				};
			};
			buildConfigurationList = B85719961A8CB13E00A25575 /* Build configuration list for PBXProject "ColorPick" */;
			compatibilityVersion = "Xcode 3.2";
			developmentRegion = English;
			hasScannedForEncodings = 0;
			knownRegions = (
				en,
				Base,
			);
			mainGroup = B85719921A8CB13E00A25575;
			productRefGroup = B857199C1A8CB13E00A25575 /* Products */;
			projectDirPath = "";
			projectRoot = "";
			targets = (
				B857199A1A8CB13E00A25575 /* ColorPick */,
				B85719AF1A8CB13E00A25575 /* ColorPickTests */,
			);
		};
/* End PBXProject section */

/* Begin PBXResourcesBuildPhase section */
		B85719991A8CB13E00A25575 /* Resources */ = {
			isa = PBXResourcesBuildPhase;
			buildActionMask = 2147483647;
			files = (
				B85719A61A8CB13E00A25575 /* Main.storyboard in Resources */,
				B85719AB1A8CB13E00A25575 /* LaunchScreen.xib in Resources */,
				B85719A81A8CB13E00A25575 /* Images.xcassets in Resources */,
			);
			runOnlyForDeploymentPostprocessing = 0;
		};
		B85719AE1A8CB13E00A25575 /* Resources */ = {
			isa = PBXResourcesBuildPhase;
			buildActionMask = 2147483647;
			files = (
			);
			runOnlyForDeploymentPostprocessing = 0;
		};
/* End PBXResourcesBuildPhase section */

/* Begin PBXSourcesBuildPhase section */
		B85719971A8CB13E00A25575 /* Sources */ = {
			isa = PBXSourcesBuildPhase;
			buildActionMask = 2147483647;
			files = (
				B85719A31A8CB13E00A25575 /* ViewController.swift in Sources */,
				B85719A11A8CB13E00A25575 /* AppDelegate.swift in Sources */,
				B85719C11A8CB5BA00A25575 /* ColorPickerViewController.swift in Sources */,
			);
			runOnlyForDeploymentPostprocessing = 0;
		};
		B85719AC1A8CB13E00A25575 /* Sources */ = {
			isa = PBXSourcesBuildPhase;
			buildActionMask = 2147483647;
			files = (
				B85719B71A8CB13E00A25575 /* ColorPickTests.swift in Sources */,
			);
			runOnlyForDeploymentPostprocessing = 0;
		};
/* End PBXSourcesBuildPhase section */

/* Begin PBXTargetDependency section */
		B85719B21A8CB13E00A25575 /* PBXTargetDependency */ = {
			isa = PBXTargetDependency;
			target = B857199A1A8CB13E00A25575 /* ColorPick */;
			targetProxy = B85719B11A8CB13E00A25575 /* PBXContainerItemProxy */;
		};
/* End PBXTargetDependency section */

/* Begin PBXVariantGroup section */
		B85719A41A8CB13E00A25575 /* Main.storyboard */ = {
			isa = PBXVariantGroup;
			children = (
				B85719A51A8CB13E00A25575 /* Base */,
			);
			name = Main.storyboard;
			sourceTree = "<group>";
		};
		B85719A91A8CB13E00A25575 /* LaunchScreen.xib */ = {
			isa = PBXVariantGroup;
			children = (
				B85719AA1A8CB13E00A25575 /* Base */,
			);
			name = LaunchScreen.xib;
			sourceTree = "<group>";
		};
/* End PBXVariantGroup section */

/* Begin XCBuildConfiguration section */
		B85719B81A8CB13E00A25575 /* Debug */ = {
			isa = XCBuildConfiguration;
			buildSettings = {
				ALWAYS_SEARCH_USER_PATHS = NO;
				CLANG_CXX_LANGUAGE_STANDARD = "gnu++0x";
				CLANG_CXX_LIBRARY = "libc++";
				CLANG_ENABLE_MODULES = YES;
				CLANG_ENABLE_OBJC_ARC = YES;
				CLANG_WARN_BOOL_CONVERSION = YES;
				CLANG_WARN_CONSTANT_CONVERSION = YES;
				CLANG_WARN_DIRECT_OBJC_ISA_USAGE = YES_ERROR;
				CLANG_WARN_EMPTY_BODY = YES;
				CLANG_WARN_ENUM_CONVERSION = YES;
				CLANG_WARN_INT_CONVERSION = YES;
				CLANG_WARN_OBJC_ROOT_CLASS = YES_ERROR;
				CLANG_WARN_UNREACHABLE_CODE = YES;
				CLANG_WARN__DUPLICATE_METHOD_MATCH = YES;
				"CODE_SIGN_IDENTITY[sdk=iphoneos*]" = "iPhone Developer";
				COPY_PHASE_STRIP = NO;
				ENABLE_STRICT_OBJC_MSGSEND = YES;
				GCC_C_LANGUAGE_STANDARD = gnu99;
				GCC_DYNAMIC_NO_PIC = NO;
				GCC_OPTIMIZATION_LEVEL = 0;
				GCC_PREPROCESSOR_DEFINITIONS = (
					"DEBUG=1",
					"$(inherited)",
				);
				GCC_SYMBOLS_PRIVATE_EXTERN = NO;
				GCC_WARN_64_TO_32_BIT_CONVERSION = YES;
				GCC_WARN_ABOUT_RETURN_TYPE = YES_ERROR;
				GCC_WARN_UNDECLARED_SELECTOR = YES;
				GCC_WARN_UNINITIALIZED_AUTOS = YES_AGGRESSIVE;
				GCC_WARN_UNUSED_FUNCTION = YES;
				GCC_WARN_UNUSED_VARIABLE = YES;
				IPHONEOS_DEPLOYMENT_TARGET = 8.1;
				MTL_ENABLE_DEBUG_INFO = YES;
				ONLY_ACTIVE_ARCH = YES;
				SDKROOT = iphoneos;
				SWIFT_OPTIMIZATION_LEVEL = "-Onone";
			};
			name = Debug;
		};
		B85719B91A8CB13E00A25575 /* Release */ = {
			isa = XCBuildConfiguration;
			buildSettings = {
				ALWAYS_SEARCH_USER_PATHS = NO;
				CLANG_CXX_LANGUAGE_STANDARD = "gnu++0x";
				CLANG_CXX_LIBRARY = "libc++";
				CLANG_ENABLE_MODULES = YES;
				CLANG_ENABLE_OBJC_ARC = YES;
				CLANG_WARN_BOOL_CONVERSION = YES;
				CLANG_WARN_CONSTANT_CONVERSION = YES;
				CLANG_WARN_DIRECT_OBJC_ISA_USAGE = YES_ERROR;
				CLANG_WARN_EMPTY_BODY = YES;
				CLANG_WARN_ENUM_CONVERSION = YES;
				CLANG_WARN_INT_CONVERSION = YES;
				CLANG_WARN_OBJC_ROOT_CLASS = YES_ERROR;
				CLANG_WARN_UNREACHABLE_CODE = YES;
				CLANG_WARN__DUPLICATE_METHOD_MATCH = YES;
				"CODE_SIGN_IDENTITY[sdk=iphoneos*]" = "iPhone Developer";
				COPY_PHASE_STRIP = YES;
				ENABLE_NS_ASSERTIONS = NO;
				ENABLE_STRICT_OBJC_MSGSEND = YES;
				GCC_C_LANGUAGE_STANDARD = gnu99;
				GCC_WARN_64_TO_32_BIT_CONVERSION = YES;
				GCC_WARN_ABOUT_RETURN_TYPE = YES_ERROR;
				GCC_WARN_UNDECLARED_SELECTOR = YES;
				GCC_WARN_UNINITIALIZED_AUTOS = YES_AGGRESSIVE;
				GCC_WARN_UNUSED_FUNCTION = YES;
				GCC_WARN_UNUSED_VARIABLE = YES;
				IPHONEOS_DEPLOYMENT_TARGET = 8.1;
				MTL_ENABLE_DEBUG_INFO = NO;
				SDKROOT = iphoneos;
				VALIDATE_PRODUCT = YES;
			};
			name = Release;
		};
		B85719BB1A8CB13E00A25575 /* Debug */ = {
			isa = XCBuildConfiguration;
			buildSettings = {
				ASSETCATALOG_COMPILER_APPICON_NAME = AppIcon;
				INFOPLIST_FILE = ColorPick/Info.plist;
				LD_RUNPATH_SEARCH_PATHS = "$(inherited) @executable_path/Frameworks";
				PRODUCT_NAME = "$(TARGET_NAME)";
			};
			name = Debug;
		};
		B85719BC1A8CB13E00A25575 /* Release */ = {
			isa = XCBuildConfiguration;
			buildSettings = {
				ASSETCATALOG_COMPILER_APPICON_NAME = AppIcon;
				INFOPLIST_FILE = ColorPick/Info.plist;
				LD_RUNPATH_SEARCH_PATHS = "$(inherited) @executable_path/Frameworks";
				PRODUCT_NAME = "$(TARGET_NAME)";
			};
			name = Release;
		};
		B85719BE1A8CB13E00A25575 /* Debug */ = {
			isa = XCBuildConfiguration;
			buildSettings = {
				BUNDLE_LOADER = "$(TEST_HOST)";
				FRAMEWORK_SEARCH_PATHS = (
					"$(SDKROOT)/Developer/Library/Frameworks",
					"$(inherited)",
				);
				GCC_PREPROCESSOR_DEFINITIONS = (
					"DEBUG=1",
					"$(inherited)",
				);
				INFOPLIST_FILE = ColorPickTests/Info.plist;
				LD_RUNPATH_SEARCH_PATHS = "$(inherited) @executable_path/Frameworks @loader_path/Frameworks";
				PRODUCT_NAME = "$(TARGET_NAME)";
				TEST_HOST = "$(BUILT_PRODUCTS_DIR)/ColorPick.app/ColorPick";
			};
			name = Debug;
		};
		B85719BF1A8CB13E00A25575 /* Release */ = {
			isa = XCBuildConfiguration;
			buildSettings = {
				BUNDLE_LOADER = "$(TEST_HOST)";
				FRAMEWORK_SEARCH_PATHS = (
					"$(SDKROOT)/Developer/Library/Frameworks",
					"$(inherited)",
				);
				INFOPLIST_FILE = ColorPickTests/Info.plist;
				LD_RUNPATH_SEARCH_PATHS = "$(inherited) @executable_path/Frameworks @loader_path/Frameworks";
				PRODUCT_NAME = "$(TARGET_NAME)";
				TEST_HOST = "$(BUILT_PRODUCTS_DIR)/ColorPick.app/ColorPick";
			};
			name = Release;
		};
/* End XCBuildConfiguration section */

/* Begin XCConfigurationList section */
		B85719961A8CB13E00A25575 /* Build configuration list for PBXProject "ColorPick" */ = {
			isa = XCConfigurationList;
			buildConfigurations = (
				B85719B81A8CB13E00A25575 /* Debug */,
				B85719B91A8CB13E00A25575 /* Release */,
			);
			defaultConfigurationIsVisible = 0;
			defaultConfigurationName = Release;
		};
		B85719BA1A8CB13E00A25575 /* Build configuration list for PBXNativeTarget "ColorPick" */ = {
			isa = XCConfigurationList;
			buildConfigurations = (
				B85719BB1A8CB13E00A25575 /* Debug */,
				B85719BC1A8CB13E00A25575 /* Release */,
			);
			defaultConfigurationIsVisible = 0;
		};
		B85719BD1A8CB13E00A25575 /* Build configuration list for PBXNativeTarget "ColorPickTests" */ = {
			isa = XCConfigurationList;
			buildConfigurations = (
				B85719BE1A8CB13E00A25575 /* Debug */,
				B85719BF1A8CB13E00A25575 /* Release */,
			);
			defaultConfigurationIsVisible = 0;
		};
/* End XCConfigurationList section */
	};
	rootObject = B85719931A8CB13E00A25575 /* Project object */;
}
