Microsoft Visual Studio Solution File, Format Version 11.00
# Visual Studio 2008

Project("{AFECC00D-6521-7695-B549-9F9EB0D71980}") = "Billard", "Assembly-CSharp-vs.csproj", "{3DFE3C2A-6D16-1EE2-4C1E-ADC5046A674D}"
EndProject
Global
	GlobalSection(SolutionConfigurationPlatforms) = preSolution
		Debug|Any CPU = Debug|Any CPU
		Release|Any CPU = Release|Any CPU
	EndGlobalSection
	GlobalSection(ProjectConfigurationPlatforms) = postSolution
		{3DFE3C2A-6D16-1EE2-4C1E-ADC5046A674D}.Debug|Any CPU.ActiveCfg = Debug|Any CPU
		{3DFE3C2A-6D16-1EE2-4C1E-ADC5046A674D}.Debug|Any CPU.Build.0 = Debug|Any CPU
		{3DFE3C2A-6D16-1EE2-4C1E-ADC5046A674D}.Release|Any CPU.ActiveCfg = Release|Any CPU
		{3DFE3C2A-6D16-1EE2-4C1E-ADC5046A674D}.Release|Any CPU.Build.0 = Release|Any CPU
	EndGlobalSection
	GlobalSection(SolutionProperties) = preSolution
		HideSolutionNode = FALSE
	EndGlobalSection
						GlobalSection(MonoDevelopProperties) = preSolution
		StartupItem = Assembly-CSharp.csproj
		Policies = $0
		$0.TextStylePolicy = $1
		$1.inheritsSet = null
		$1.scope = text/x-csharp
		$0.CSharpFormattingPolicy = $2
		$2.inheritsSet = Mono
		$2.inheritsScope = text/x-csharp
		$2.scope = text/x-csharp
		$0.TextStylePolicy = $3
		$3.FileWidth = 120
		$3.TabWidth = 4
		$3.EolMarker = Unix
		$3.inheritsSet = Mono
		$3.inheritsScope = text/plain
		$3.scope = text/plain
	EndGlobalSection

EndGlobal
