// !$*UTF8*$!
{
	archiveVersion = 1;
	classes = {
	};
	objectVersion = 46;
	objects = {

/* Begin PBXBuildFile section */
		B85719D11A8CDD4600A25575 /* AppDelegate.swift in Sources */ = {isa = PBXBuildFile; fileRef = B85719D01A8CDD4600A25575 /* AppDelegate.swift */; };
		B85719D31A8CDD4600A25575 /* ViewController.swift in Sources */ = {isa = PBXBuildFile; fileRef = B85719D21A8CDD4600A25575 /* ViewController.swift */; };
		B85719D61A8CDD4600A25575 /* Main.storyboard in Resources */ = {isa = PBXBuildFile; fileRef = B85719D41A8CDD4600A25575 /* Main.storyboard */; };
		B85719D81A8CDD4600A25575 /* Images.xcassets in Resources */ = {isa = PBXBuildFile; fileRef = B85719D71A8CDD4600A25575 /* Images.xcassets */; };
		B85719DB1A8CDD4600A25575 /* LaunchScreen.xib in Resources */ = {isa = PBXBuildFile; fileRef = B85719D91A8CDD4600A25575 /* LaunchScreen.xib */; };
		B85719E71A8CDD4600A25575 /* TweetMoodTests.swift in Sources */ = {isa = PBXBuildFile; fileRef = B85719E61A8CDD4600A25575 /* TweetMoodTests.swift */; };
		B85719F11A8CE95B00A25575 /* Social.framework in Frameworks */ = {isa = PBXBuildFile; fileRef = B85719F01A8CE95B00A25575 /* Social.framework */; };
/* End PBXBuildFile section */

/* Begin PBXContainerItemProxy section */
		B85719E11A8CDD4600A25575 /* PBXContainerItemProxy */ = {
			isa = PBXContainerItemProxy;
			containerPortal = B85719C31A8CDD4600A25575 /* Project object */;
			proxyType = 1;
			remoteGlobalIDString = B85719CA1A8CDD4600A25575;
			remoteInfo = TweetMood;
		};
/* End PBXContainerItemProxy section */

/* Begin PBXFileReference section */
		B85719CB1A8CDD4600A25575 /* TweetMood.app */ = {isa = PBXFileReference; explicitFileType = wrapper.application; includeInIndex = 0; path = TweetMood.app; sourceTree = BUILT_PRODUCTS_DIR; };
		B85719CF1A8CDD4600A25575 /* Info.plist */ = {isa = PBXFileReference; lastKnownFileType = text.plist.xml; path = Info.plist; sourceTree = "<group>"; };
		B85719D01A8CDD4600A25575 /* AppDelegate.swift */ = {isa = PBXFileReference; lastKnownFileType = sourcecode.swift; path = AppDelegate.swift; sourceTree = "<group>"; };
		B85719D21A8CDD4600A25575 /* ViewController.swift */ = {isa = PBXFileReference; lastKnownFileType = sourcecode.swift; path = ViewController.swift; sourceTree = "<group>"; };
		B85719D51A8CDD4600A25575 /* Base */ = {isa = PBXFileReference; lastKnownFileType = file.storyboard; name = Base; path = Base.lproj/Main.storyboard; sourceTree = "<group>"; };
		B85719D71A8CDD4600A25575 /* Images.xcassets */ = {isa = PBXFileReference; lastKnownFileType = folder.assetcatalog; path = Images.xcassets; sourceTree = "<group>"; };
		B85719DA1A8CDD4600A25575 /* Base */ = {isa = PBXFileReference; lastKnownFileType = file.xib; name = Base; path = Base.lproj/LaunchScreen.xib; sourceTree = "<group>"; };
		B85719E01A8CDD4600A25575 /* TweetMoodTests.xctest */ = {isa = PBXFileReference; explicitFileType = wrapper.cfbundle; includeInIndex = 0; path = TweetMoodTests.xctest; sourceTree = BUILT_PRODUCTS_DIR; };
		B85719E51A8CDD4600A25575 /* Info.plist */ = {isa = PBXFileReference; lastKnownFileType = text.plist.xml; path = Info.plist; sourceTree = "<group>"; };
		B85719E61A8CDD4600A25575 /* TweetMoodTests.swift */ = {isa = PBXFileReference; lastKnownFileType = sourcecode.swift; path = TweetMoodTests.swift; sourceTree = "<group>"; };
		B85719F01A8CE95B00A25575 /* Social.framework */ = {isa = PBXFileReference; lastKnownFileType = wrapper.framework; name = Social.framework; path = System/Library/Frameworks/Social.framework; sourceTree = SDKROOT; };
/* End PBXFileReference section */

/* Begin PBXFrameworksBuildPhase section */
		B85719C81A8CDD4600A25575 /* Frameworks */ = {
			isa = PBXFrameworksBuildPhase;
			buildActionMask = 2147483647;
			files = (
				B85719F11A8CE95B00A25575 /* Social.framework in Frameworks */,
			);
			runOnlyForDeploymentPostprocessing = 0;
		};
		B85719DD1A8CDD4600A25575 /* Frameworks */ = {
			isa = PBXFrameworksBuildPhase;
			buildActionMask = 2147483647;
			files = (
			);
			runOnlyForDeploymentPostprocessing = 0;
		};
/* End PBXFrameworksBuildPhase section */

/* Begin PBXGroup section */
		B85719C21A8CDD4600A25575 = {
			isa = PBXGroup;
			children = (
				B85719F01A8CE95B00A25575 /* Social.framework */,
				B85719CD1A8CDD4600A25575 /* TweetMood */,
				B85719E31A8CDD4600A25575 /* TweetMoodTests */,
				B85719CC1A8CDD4600A25575 /* Products */,
			);
			sourceTree = "<group>";
		};
		B85719CC1A8CDD4600A25575 /* Products */ = {
			isa = PBXGroup;
			children = (
				B85719CB1A8CDD4600A25575 /* TweetMood.app */,
				B85719E01A8CDD4600A25575 /* TweetMoodTests.xctest */,
			);
			name = Products;
			sourceTree = "<group>";
		};
		B85719CD1A8CDD4600A25575 /* TweetMood */ = {
			isa = PBXGroup;
			children = (
				B85719D01A8CDD4600A25575 /* AppDelegate.swift */,
				B85719D21A8CDD4600A25575 /* ViewController.swift */,
				B85719D41A8CDD4600A25575 /* Main.storyboard */,
				B85719D71A8CDD4600A25575 /* Images.xcassets */,
				B85719D91A8CDD4600A25575 /* LaunchScreen.xib */,
				B85719CE1A8CDD4600A25575 /* Supporting Files */,
			);
			path = TweetMood;
			sourceTree = "<group>";
		};
		B85719CE1A8CDD4600A25575 /* Supporting Files */ = {
			isa = PBXGroup;
			children = (
				B85719CF1A8CDD4600A25575 /* Info.plist */,
			);
			name = "Supporting Files";
			sourceTree = "<group>";
		};
		B85719E31A8CDD4600A25575 /* TweetMoodTests */ = {
			isa = PBXGroup;
			children = (
				B85719E61A8CDD4600A25575 /* TweetMoodTests.swift */,
				B85719E41A8CDD4600A25575 /* Supporting Files */,
			);
			path = TweetMoodTests;
			sourceTree = "<group>";
		};
		B85719E41A8CDD4600A25575 /* Supporting Files */ = {
			isa = PBXGroup;
			children = (
				B85719E51A8CDD4600A25575 /* Info.plist */,
			);
			name = "Supporting Files";
			sourceTree = "<group>";
		};
/* End PBXGroup section */

/* Begin PBXNativeTarget section */
		B85719CA1A8CDD4600A25575 /* TweetMood */ = {
			isa = PBXNativeTarget;
			buildConfigurationList = B85719EA1A8CDD4600A25575 /* Build configuration list for PBXNativeTarget "TweetMood" */;
			buildPhases = (
				B85719C71A8CDD4600A25575 /* Sources */,
				B85719C81A8CDD4600A25575 /* Frameworks */,
				B85719C91A8CDD4600A25575 /* Resources */,
			);
			buildRules = (
			);
			dependencies = (
			);
			name = TweetMood;
			productName = TweetMood;
			productReference = B85719CB1A8CDD4600A25575 /* TweetMood.app */;
			productType = "com.apple.product-type.application";
		};
		B85719DF1A8CDD4600A25575 /* TweetMoodTests */ = {
			isa = PBXNativeTarget;
			buildConfigurationList = B85719ED1A8CDD4600A25575 /* Build configuration list for PBXNativeTarget "TweetMoodTests" */;
			buildPhases = (
				B85719DC1A8CDD4600A25575 /* Sources */,
				B85719DD1A8CDD4600A25575 /* Frameworks */,
				B85719DE1A8CDD4600A25575 /* Resources */,
			);
			buildRules = (
			);
			dependencies = (
				B85719E21A8CDD4600A25575 /* PBXTargetDependency */,
			);
			name = TweetMoodTests;
			productName = TweetMoodTests;
			productReference = B85719E01A8CDD4600A25575 /* TweetMoodTests.xctest */;
			productType = "com.apple.product-type.bundle.unit-test";
		};
/* End PBXNativeTarget section */

/* Begin PBXProject section */
		B85719C31A8CDD4600A25575 /* Project object */ = {
			isa = PBXProject;
			attributes = {
				LastUpgradeCheck = 0610;
				ORGANIZATIONNAME = iem;
				TargetAttributes = {
					B85719CA1A8CDD4600A25575 = {
						CreatedOnToolsVersion = 6.1;
					};
					B85719DF1A8CDD4600A25575 = {
						CreatedOnToolsVersion = 6.1;
						TestTargetID = B85719CA1A8CDD4600A25575;
					};
				};
			};
			buildConfigurationList = B85719C61A8CDD4600A25575 /* Build configuration list for PBXProject "TweetMood" */;
			compatibilityVersion = "Xcode 3.2";
			developmentRegion = English;
			hasScannedForEncodings = 0;
			knownRegions = (
				en,
				Base,
			);
			mainGroup = B85719C21A8CDD4600A25575;
			productRefGroup = B85719CC1A8CDD4600A25575 /* Products */;
			projectDirPath = "";
			projectRoot = "";
			targets = (
				B85719CA1A8CDD4600A25575 /* TweetMood */,
				B85719DF1A8CDD4600A25575 /* TweetMoodTests */,
			);
		};
/* End PBXProject section */

/* Begin PBXResourcesBuildPhase section */
		B85719C91A8CDD4600A25575 /* Resources */ = {
			isa = PBXResourcesBuildPhase;
			buildActionMask = 2147483647;
			files = (
				B85719D61A8CDD4600A25575 /* Main.storyboard in Resources */,
				B85719DB1A8CDD4600A25575 /* LaunchScreen.xib in Resources */,
				B85719D81A8CDD4600A25575 /* Images.xcassets in Resources */,
			);
			runOnlyForDeploymentPostprocessing = 0;
		};
		B85719DE1A8CDD4600A25575 /* Resources */ = {
			isa = PBXResourcesBuildPhase;
			buildActionMask = 2147483647;
			files = (
			);
			runOnlyForDeploymentPostprocessing = 0;
		};
/* End PBXResourcesBuildPhase section */

/* Begin PBXSourcesBuildPhase section */
		B85719C71A8CDD4600A25575 /* Sources */ = {
			isa = PBXSourcesBuildPhase;
			buildActionMask = 2147483647;
			files = (
				B85719D31A8CDD4600A25575 /* ViewController.swift in Sources */,
				B85719D11A8CDD4600A25575 /* AppDelegate.swift in Sources */,
			);
			runOnlyForDeploymentPostprocessing = 0;
		};
		B85719DC1A8CDD4600A25575 /* Sources */ = {
			isa = PBXSourcesBuildPhase;
			buildActionMask = 2147483647;
			files = (
				B85719E71A8CDD4600A25575 /* TweetMoodTests.swift in Sources */,
			);
			runOnlyForDeploymentPostprocessing = 0;
		};
/* End PBXSourcesBuildPhase section */

/* Begin PBXTargetDependency section */
		B85719E21A8CDD4600A25575 /* PBXTargetDependency */ = {
			isa = PBXTargetDependency;
			target = B85719CA1A8CDD4600A25575 /* TweetMood */;
			targetProxy = B85719E11A8CDD4600A25575 /* PBXContainerItemProxy */;
		};
/* End PBXTargetDependency section */

/* Begin PBXVariantGroup section */
		B85719D41A8CDD4600A25575 /* Main.storyboard */ = {
			isa = PBXVariantGroup;
			children = (
				B85719D51A8CDD4600A25575 /* Base */,
			);
			name = Main.storyboard;
			sourceTree = "<group>";
		};
		B85719D91A8CDD4600A25575 /* LaunchScreen.xib */ = {
			isa = PBXVariantGroup;
			children = (
				B85719DA1A8CDD4600A25575 /* Base */,
			);
			name = LaunchScreen.xib;
			sourceTree = "<group>";
		};
/* End PBXVariantGroup section */

/* Begin XCBuildConfiguration section */
		B85719E81A8CDD4600A25575 /* Debug */ = {
			isa = XCBuildConfiguration;
			buildSettings = {
				ALWAYS_SEARCH_USER_PATHS = NO;
				CLANG_CXX_LANGUAGE_STANDARD = "gnu++0x";
				CLANG_CXX_LIBRARY = "libc++";
				CLANG_ENABLE_MODULES = YES;
				CLANG_ENABLE_OBJC_ARC = YES;
				CLANG_WARN_BOOL_CONVERSION = YES;
				CLANG_WARN_CONSTANT_CONVERSION = YES;
				CLANG_WARN_DIRECT_OBJC_ISA_USAGE = YES_ERROR;
				CLANG_WARN_EMPTY_BODY = YES;
				CLANG_WARN_ENUM_CONVERSION = YES;
				CLANG_WARN_INT_CONVERSION = YES;
				CLANG_WARN_OBJC_ROOT_CLASS = YES_ERROR;
				CLANG_WARN_UNREACHABLE_CODE = YES;
				CLANG_WARN__DUPLICATE_METHOD_MATCH = YES;
				"CODE_SIGN_IDENTITY[sdk=iphoneos*]" = "iPhone Developer";
				COPY_PHASE_STRIP = NO;
				ENABLE_STRICT_OBJC_MSGSEND = YES;
				GCC_C_LANGUAGE_STANDARD = gnu99;
				GCC_DYNAMIC_NO_PIC = NO;
				GCC_OPTIMIZATION_LEVEL = 0;
				GCC_PREPROCESSOR_DEFINITIONS = (
					"DEBUG=1",
					"$(inherited)",
				);
				GCC_SYMBOLS_PRIVATE_EXTERN = NO;
				GCC_WARN_64_TO_32_BIT_CONVERSION = YES;
				GCC_WARN_ABOUT_RETURN_TYPE = YES_ERROR;
				GCC_WARN_UNDECLARED_SELECTOR = YES;
				GCC_WARN_UNINITIALIZED_AUTOS = YES_AGGRESSIVE;
				GCC_WARN_UNUSED_FUNCTION = YES;
				GCC_WARN_UNUSED_VARIABLE = YES;
				IPHONEOS_DEPLOYMENT_TARGET = 8.1;
				MTL_ENABLE_DEBUG_INFO = YES;
				ONLY_ACTIVE_ARCH = YES;
				OTHER_LDFLAGS = "-ObjC";
				SDKROOT = iphoneos;
				SWIFT_OPTIMIZATION_LEVEL = "-Onone";
			};
			name = Debug;
		};
		B85719E91A8CDD4600A25575 /* Release */ = {
			isa = XCBuildConfiguration;
			buildSettings = {
				ALWAYS_SEARCH_USER_PATHS = NO;
				CLANG_CXX_LANGUAGE_STANDARD = "gnu++0x";
				CLANG_CXX_LIBRARY = "libc++";
				CLANG_ENABLE_MODULES = YES;
				CLANG_ENABLE_OBJC_ARC = YES;
				CLANG_WARN_BOOL_CONVERSION = YES;
				CLANG_WARN_CONSTANT_CONVERSION = YES;
				CLANG_WARN_DIRECT_OBJC_ISA_USAGE = YES_ERROR;
				CLANG_WARN_EMPTY_BODY = YES;
				CLANG_WARN_ENUM_CONVERSION = YES;
				CLANG_WARN_INT_CONVERSION = YES;
				CLANG_WARN_OBJC_ROOT_CLASS = YES_ERROR;
				CLANG_WARN_UNREACHABLE_CODE = YES;
				CLANG_WARN__DUPLICATE_METHOD_MATCH = YES;
				"CODE_SIGN_IDENTITY[sdk=iphoneos*]" = "iPhone Developer";
				COPY_PHASE_STRIP = YES;
				ENABLE_NS_ASSERTIONS = NO;
				ENABLE_STRICT_OBJC_MSGSEND = YES;
				GCC_C_LANGUAGE_STANDARD = gnu99;
				GCC_WARN_64_TO_32_BIT_CONVERSION = YES;
				GCC_WARN_ABOUT_RETURN_TYPE = YES_ERROR;
				GCC_WARN_UNDECLARED_SELECTOR = YES;
				GCC_WARN_UNINITIALIZED_AUTOS = YES_AGGRESSIVE;
				GCC_WARN_UNUSED_FUNCTION = YES;
				GCC_WARN_UNUSED_VARIABLE = YES;
				IPHONEOS_DEPLOYMENT_TARGET = 8.1;
				MTL_ENABLE_DEBUG_INFO = NO;
				OTHER_LDFLAGS = "-ObjC";
				SDKROOT = iphoneos;
				VALIDATE_PRODUCT = YES;
			};
			name = Release;
		};
		B85719EB1A8CDD4600A25575 /* Debug */ = {
			isa = XCBuildConfiguration;
			buildSettings = {
				ASSETCATALOG_COMPILER_APPICON_NAME = AppIcon;
				FRAMEWORK_SEARCH_PATHS = (
					"$(inherited)",
					"/Users/iem/Desktop/LP_IEM_2014_2015/COURS/IOS/EXO/SWIFT/IQKeyboardManager-master/IQKeyboardManager",
					Framework,
				);
				INFOPLIST_FILE = TweetMood/Info.plist;
				LD_RUNPATH_SEARCH_PATHS = "$(inherited) @executable_path/Frameworks";
				OTHER_LDFLAGS = "-ObjC";
				PRODUCT_NAME = "$(TARGET_NAME)";
			};
			name = Debug;
		};
		B85719EC1A8CDD4600A25575 /* Release */ = {
			isa = XCBuildConfiguration;
			buildSettings = {
				ASSETCATALOG_COMPILER_APPICON_NAME = AppIcon;
				FRAMEWORK_SEARCH_PATHS = (
					"$(inherited)",
					"/Users/iem/Desktop/LP_IEM_2014_2015/COURS/IOS/EXO/SWIFT/IQKeyboardManager-master/IQKeyboardManager",
					Framework,
				);
				INFOPLIST_FILE = TweetMood/Info.plist;
				LD_RUNPATH_SEARCH_PATHS = "$(inherited) @executable_path/Frameworks";
				OTHER_LDFLAGS = "-ObjC";
				PRODUCT_NAME = "$(TARGET_NAME)";
			};
			name = Release;
		};
		B85719EE1A8CDD4600A25575 /* Debug */ = {
			isa = XCBuildConfiguration;
			buildSettings = {
				BUNDLE_LOADER = "$(TEST_HOST)";
				FRAMEWORK_SEARCH_PATHS = (
					"$(SDKROOT)/Developer/Library/Frameworks",
					"$(inherited)",
				);
				GCC_PREPROCESSOR_DEFINITIONS = (
					"DEBUG=1",
					"$(inherited)",
				);
				INFOPLIST_FILE = TweetMoodTests/Info.plist;
				LD_RUNPATH_SEARCH_PATHS = "$(inherited) @executable_path/Frameworks @loader_path/Frameworks";
				PRODUCT_NAME = "$(TARGET_NAME)";
				TEST_HOST = "$(BUILT_PRODUCTS_DIR)/TweetMood.app/TweetMood";
			};
			name = Debug;
		};
		B85719EF1A8CDD4600A25575 /* Release */ = {
			isa = XCBuildConfiguration;
			buildSettings = {
				BUNDLE_LOADER = "$(TEST_HOST)";
				FRAMEWORK_SEARCH_PATHS = (
					"$(SDKROOT)/Developer/Library/Frameworks",
					"$(inherited)",
				);
				INFOPLIST_FILE = TweetMoodTests/Info.plist;
				LD_RUNPATH_SEARCH_PATHS = "$(inherited) @executable_path/Frameworks @loader_path/Frameworks";
				PRODUCT_NAME = "$(TARGET_NAME)";
				TEST_HOST = "$(BUILT_PRODUCTS_DIR)/TweetMood.app/TweetMood";
			};
			name = Release;
		};
/* End XCBuildConfiguration section */

/* Begin XCConfigurationList section */
		B85719C61A8CDD4600A25575 /* Build configuration list for PBXProject "TweetMood" */ = {
			isa = XCConfigurationList;
			buildConfigurations = (
				B85719E81A8CDD4600A25575 /* Debug */,
				B85719E91A8CDD4600A25575 /* Release */,
			);
			defaultConfigurationIsVisible = 0;
			defaultConfigurationName = Release;
		};
		B85719EA1A8CDD4600A25575 /* Build configuration list for PBXNativeTarget "TweetMood" */ = {
			isa = XCConfigurationList;
			buildConfigurations = (
				B85719EB1A8CDD4600A25575 /* Debug */,
				B85719EC1A8CDD4600A25575 /* Release */,
			);
			defaultConfigurationIsVisible = 0;
		};
		B85719ED1A8CDD4600A25575 /* Build configuration list for PBXNativeTarget "TweetMoodTests" */ = {
			isa = XCConfigurationList;
			buildConfigurations = (
				B85719EE1A8CDD4600A25575 /* Debug */,
				B85719EF1A8CDD4600A25575 /* Release */,
			);
			defaultConfigurationIsVisible = 0;
		};
/* End XCConfigurationList section */
	};
	rootObject = B85719C31A8CDD4600A25575 /* Project object */;
}
